
Microsoft Visual Studio Solution File, Format Version 12.00
# Visual Studio Version 17
VisualStudioVersion = 17.8.34309.116
MinimumVisualStudioVersion = 10.0.40219.1
Project("{FAE04EC0-301F-11D3-BF4B-00C04F79EFBC}") = "Esp.ErpSuporte.Caisp.API", "Esp.ErpSuporte.Caisp.API\Esp.ErpSuporte.Caisp.API.csproj", "{2DCD9547-046F-4538-AB8D-842250FF0FB2}"
EndProject
Project("{FAE04EC0-301F-11D3-BF4B-00C04F79EFBC}") = "Esp.ErpSuporte.Caisp.Business", "Esp.ErpSuporte.Caisp.Business\Esp.ErpSuporte.Caisp.Business.csproj", "{C7F65543-FC50-4743-9F77-EF15990723F0}"
EndProject
Project("{FAE04EC0-301F-11D3-BF4B-00C04F79EFBC}") = "Esp.ErpSuporte.Caisp.Components", "Esp.ErpSuporte.Caisp.Components\Esp.ErpSuporte.Caisp.Components.csproj", "{6A1193E1-F8C8-4D17-941E-4FFABB2F6135}"
EndProject
Project("{FAE04EC0-301F-11D3-BF4B-00C04F79EFBC}") = "Esp.ErpSuporte.Caisp.ESPECIFICO.IOC", "Esp.ErpSuporte.Caisp.ESPECIFICO.IOC\Esp.ErpSuporte.Caisp.ESPECIFICO.IOC.csproj", "{A4AD658F-F656-4718-AB79-6A0FE0F8649A}"
EndProject
Project("{FAE04EC0-301F-11D3-BF4B-00C04F79EFBC}") = "Esp.ErpSuporte.Wes.Caisp.ESPECIFICO.IOC", "Esp.ErpSuporte.Wes.Caisp.ESPECIFICO.IOC\Esp.ErpSuporte.Wes.Caisp.ESPECIFICO.IOC.csproj", "{E3C4F7D7-D6A7-4EBD-94B2-363ED7178F1C}"
EndProject
Global
	GlobalSection(SolutionConfigurationPlatforms) = preSolution
		Debug|Any CPU = Debug|Any CPU
		Release|Any CPU = Release|Any CPU
	EndGlobalSection
	GlobalSection(ProjectConfigurationPlatforms) = postSolution
		{2DCD9547-046F-4538-AB8D-842250FF0FB2}.Debug|Any CPU.ActiveCfg = Debug|Any CPU
		{2DCD9547-046F-4538-AB8D-842250FF0FB2}.Debug|Any CPU.Build.0 = Debug|Any CPU
		{2DCD9547-046F-4538-AB8D-842250FF0FB2}.Release|Any CPU.ActiveCfg = Release|Any CPU
		{2DCD9547-046F-4538-AB8D-842250FF0FB2}.Release|Any CPU.Build.0 = Release|Any CPU
		{C7F65543-FC50-4743-9F77-EF15990723F0}.Debug|Any CPU.ActiveCfg = Debug|Any CPU
		{C7F65543-FC50-4743-9F77-EF15990723F0}.Debug|Any CPU.Build.0 = Debug|Any CPU
		{C7F65543-FC50-4743-9F77-EF15990723F0}.Release|Any CPU.ActiveCfg = Release|Any CPU
		{C7F65543-FC50-4743-9F77-EF15990723F0}.Release|Any CPU.Build.0 = Release|Any CPU
		{6A1193E1-F8C8-4D17-941E-4FFABB2F6135}.Debug|Any CPU.ActiveCfg = Debug|Any CPU
		{6A1193E1-F8C8-4D17-941E-4FFABB2F6135}.Debug|Any CPU.Build.0 = Debug|Any CPU
		{6A1193E1-F8C8-4D17-941E-4FFABB2F6135}.Release|Any CPU.ActiveCfg = Release|Any CPU
		{6A1193E1-F8C8-4D17-941E-4FFABB2F6135}.Release|Any CPU.Build.0 = Release|Any CPU
		{A4AD658F-F656-4718-AB79-6A0FE0F8649A}.Debug|Any CPU.ActiveCfg = Debug|Any CPU
		{A4AD658F-F656-4718-AB79-6A0FE0F8649A}.Debug|Any CPU.Build.0 = Debug|Any CPU
		{A4AD658F-F656-4718-AB79-6A0FE0F8649A}.Release|Any CPU.ActiveCfg = Release|Any CPU
		{A4AD658F-F656-4718-AB79-6A0FE0F8649A}.Release|Any CPU.Build.0 = Release|Any CPU
		{E3C4F7D7-D6A7-4EBD-94B2-363ED7178F1C}.Debug|Any CPU.ActiveCfg = Debug|Any CPU
		{E3C4F7D7-D6A7-4EBD-94B2-363ED7178F1C}.Debug|Any CPU.Build.0 = Debug|Any CPU
		{E3C4F7D7-D6A7-4EBD-94B2-363ED7178F1C}.Release|Any CPU.ActiveCfg = Release|Any CPU
		{E3C4F7D7-D6A7-4EBD-94B2-363ED7178F1C}.Release|Any CPU.Build.0 = Release|Any CPU
	EndGlobalSection
	GlobalSection(SolutionProperties) = preSolution
		HideSolutionNode = FALSE
	EndGlobalSection
	GlobalSection(ExtensibilityGlobals) = postSolution
		SolutionGuid = {FE7E5CAF-5624-4E47-A29C-41C95384BEBD}
	EndGlobalSection
EndGlobal
